
Microsoft Visual Studio Solution File, Format Version 12.00
# Visual Studio Version 16
VisualStudioVersion = 16.0.30503.244
MinimumVisualStudioVersion = 10.0.40219.1
Project("{FAE04EC0-301F-11D3-BF4B-00C04F79EFBC}") = "DaysAlive", "DaysAlive\DaysAlive.csproj", "{DDA08F0F-3B3E-4EB8-ABC5-5C49795093C9}"
EndProject
Global
	GlobalSection(SolutionConfigurationPlatforms) = preSolution
		Debug|Any CPU = Debug|Any CPU
		Release|Any CPU = Release|Any CPU
	EndGlobalSection
	GlobalSection(ProjectConfigurationPlatforms) = postSolution
		{DDA08F0F-3B3E-4EB8-ABC5-5C49795093C9}.Debug|Any CPU.ActiveCfg = Debug|Any CPU
		{DDA08F0F-3B3E-4EB8-ABC5-5C49795093C9}.Debug|Any CPU.Build.0 = Debug|Any CPU
		{DDA08F0F-3B3E-4EB8-ABC5-5C49795093C9}.Release|Any CPU.ActiveCfg = Release|Any CPU
		{DDA08F0F-3B3E-4EB8-ABC5-5C49795093C9}.Release|Any CPU.Build.0 = Release|Any CPU
	EndGlobalSection
	GlobalSection(SolutionProperties) = preSolution
		HideSolutionNode = FALSE
	EndGlobalSection
	GlobalSection(ExtensibilityGlobals) = postSolution
		SolutionGuid = {4ACCF065-B848-432F-8B2D-C97CBD9D7C25}
	EndGlobalSection
EndGlobal
